// !$*UTF8*$!
{
	archiveVersion = 1;
	classes = {
	};
	objectVersion = 55;
	objects = {

/* Begin PBXBuildFile section */
		BA0A65C3282C57B90058FBAF /* LocationsViewModel.swift in Sources */ = {isa = PBXBuildFile; fileRef = BA0A65C2282C57B90058FBAF /* LocationsViewModel.swift */; };
		BA0A65C5282C63600058FBAF /* LocationDetailsModel.swift in Sources */ = {isa = PBXBuildFile; fileRef = BA0A65C4282C63600058FBAF /* LocationDetailsModel.swift */; };
		BA0A65C7282C69790058FBAF /* DetailsViewModel.swift in Sources */ = {isa = PBXBuildFile; fileRef = BA0A65C6282C69790058FBAF /* DetailsViewModel.swift */; };
		BA0A65CA282C6FC70058FBAF /* Kingfisher in Frameworks */ = {isa = PBXBuildFile; productRef = BA0A65C9282C6FC70058FBAF /* Kingfisher */; };
		BA0A65CC282C72E80058FBAF /* CustomImageView.swift in Sources */ = {isa = PBXBuildFile; fileRef = BA0A65CB282C72E70058FBAF /* CustomImageView.swift */; };
		BA297E42282AE97200228981 /* DetailViewController.swift in Sources */ = {isa = PBXBuildFile; fileRef = BA297E41282AE97200228981 /* DetailViewController.swift */; };
		BA297E45282AEF0000228981 /* CharacterCell.swift in Sources */ = {isa = PBXBuildFile; fileRef = BA297E44282AEF0000228981 /* CharacterCell.swift */; };
		BA297E47282B093200228981 /* PresentationController.swift in Sources */ = {isa = PBXBuildFile; fileRef = BA297E46282B093200228981 /* PresentationController.swift */; };
		BA8455932829A18D00584DF2 /* AppDelegate.swift in Sources */ = {isa = PBXBuildFile; fileRef = BA8455922829A18D00584DF2 /* AppDelegate.swift */; };
		BA8455952829A18D00584DF2 /* SceneDelegate.swift in Sources */ = {isa = PBXBuildFile; fileRef = BA8455942829A18D00584DF2 /* SceneDelegate.swift */; };
		BA84559C2829A18E00584DF2 /* Assets.xcassets in Resources */ = {isa = PBXBuildFile; fileRef = BA84559B2829A18E00584DF2 /* Assets.xcassets */; };
		BA84559F2829A18E00584DF2 /* LaunchScreen.storyboard in Resources */ = {isa = PBXBuildFile; fileRef = BA84559D2829A18E00584DF2 /* LaunchScreen.storyboard */; };
		BA8455A72829A27B00584DF2 /* LocationsViewController.swift in Sources */ = {isa = PBXBuildFile; fileRef = BA8455A62829A27B00584DF2 /* LocationsViewController.swift */; };
		BA8455A92829A46C00584DF2 /* LocationCell.swift in Sources */ = {isa = PBXBuildFile; fileRef = BA8455A82829A46C00584DF2 /* LocationCell.swift */; };
		BA8455AC2829A5B400584DF2 /* SnapKit in Frameworks */ = {isa = PBXBuildFile; productRef = BA8455AB2829A5B400584DF2 /* SnapKit */; };
		BA8455AE2829B23900584DF2 /* UIColor+Extension.swift in Sources */ = {isa = PBXBuildFile; fileRef = BA8455AD2829B23900584DF2 /* UIColor+Extension.swift */; };
		BAA80938282B2656005433A3 /* schema.json in Resources */ = {isa = PBXBuildFile; fileRef = BAA80937282B2656005433A3 /* schema.json */; };
		BAA8093A282B27AF005433A3 /* Queries.graphql in Resources */ = {isa = PBXBuildFile; fileRef = BAA80939282B27AF005433A3 /* Queries.graphql */; };
		BAA90DC72829E2050056E1DA /* Inter-Black.ttf in Resources */ = {isa = PBXBuildFile; fileRef = BAA90DC02829E1C00056E1DA /* Inter-Black.ttf */; };
		BAA90DC82829E2050056E1DA /* Inter-Bold.ttf in Resources */ = {isa = PBXBuildFile; fileRef = BAA90DC12829E1C00056E1DA /* Inter-Bold.ttf */; };
		BAA90DC92829E2050056E1DA /* Inter-ExtraBold.ttf in Resources */ = {isa = PBXBuildFile; fileRef = BAA90DBE2829E1C00056E1DA /* Inter-ExtraBold.ttf */; };
		BAA90DCA2829E2050056E1DA /* Inter-ExtraLight.ttf in Resources */ = {isa = PBXBuildFile; fileRef = BAA90DC22829E1C00056E1DA /* Inter-ExtraLight.ttf */; };
		BAA90DCB2829E2050056E1DA /* Inter-Light.ttf in Resources */ = {isa = PBXBuildFile; fileRef = BAA90DC62829E1C00056E1DA /* Inter-Light.ttf */; };
		BAA90DCC2829E2050056E1DA /* Inter-Medium.ttf in Resources */ = {isa = PBXBuildFile; fileRef = BAA90DBF2829E1C00056E1DA /* Inter-Medium.ttf */; };
		BAA90DCD2829E2050056E1DA /* Inter-Regular.ttf in Resources */ = {isa = PBXBuildFile; fileRef = BAA90DC32829E1C00056E1DA /* Inter-Regular.ttf */; };
		BAA90DCE2829E2050056E1DA /* Inter-SemiBold.ttf in Resources */ = {isa = PBXBuildFile; fileRef = BAA90DC52829E1C00056E1DA /* Inter-SemiBold.ttf */; };
		BAA90DCF2829E2050056E1DA /* Inter-Thin.ttf in Resources */ = {isa = PBXBuildFile; fileRef = BAA90DC42829E1C00056E1DA /* Inter-Thin.ttf */; };
		BAA90DD42829E66F0056E1DA /* Apollo in Frameworks */ = {isa = PBXBuildFile; productRef = BAA90DD32829E66F0056E1DA /* Apollo */; };
		BAFB078E282BF4AE00EFD10C /* API.swift in Sources */ = {isa = PBXBuildFile; fileRef = BAFB078D282BF4AE00EFD10C /* API.swift */; };
		BAFB0790282BF57500EFD10C /* Network.swift in Sources */ = {isa = PBXBuildFile; fileRef = BAFB078F282BF57500EFD10C /* Network.swift */; };
		BAFB0792282BF67000EFD10C /* LocationsModel.swift in Sources */ = {isa = PBXBuildFile; fileRef = BAFB0791282BF67000EFD10C /* LocationsModel.swift */; };
/* End PBXBuildFile section */

/* Begin PBXFileReference section */
		BA0A65C2282C57B90058FBAF /* LocationsViewModel.swift */ = {isa = PBXFileReference; lastKnownFileType = sourcecode.swift; path = LocationsViewModel.swift; sourceTree = "<group>"; };
		BA0A65C4282C63600058FBAF /* LocationDetailsModel.swift */ = {isa = PBXFileReference; lastKnownFileType = sourcecode.swift; path = LocationDetailsModel.swift; sourceTree = "<group>"; };
		BA0A65C6282C69790058FBAF /* DetailsViewModel.swift */ = {isa = PBXFileReference; lastKnownFileType = sourcecode.swift; path = DetailsViewModel.swift; sourceTree = "<group>"; };
		BA0A65CB282C72E70058FBAF /* CustomImageView.swift */ = {isa = PBXFileReference; lastKnownFileType = sourcecode.swift; path = CustomImageView.swift; sourceTree = "<group>"; };
		BA297E41282AE97200228981 /* DetailViewController.swift */ = {isa = PBXFileReference; lastKnownFileType = sourcecode.swift; path = DetailViewController.swift; sourceTree = "<group>"; };
		BA297E44282AEF0000228981 /* CharacterCell.swift */ = {isa = PBXFileReference; lastKnownFileType = sourcecode.swift; path = CharacterCell.swift; sourceTree = "<group>"; };
		BA297E46282B093200228981 /* PresentationController.swift */ = {isa = PBXFileReference; lastKnownFileType = sourcecode.swift; path = PresentationController.swift; sourceTree = "<group>"; };
		BA84558F2829A18D00584DF2 /* RickAndMortyLocations.app */ = {isa = PBXFileReference; explicitFileType = wrapper.application; includeInIndex = 0; path = RickAndMortyLocations.app; sourceTree = BUILT_PRODUCTS_DIR; };
		BA8455922829A18D00584DF2 /* AppDelegate.swift */ = {isa = PBXFileReference; lastKnownFileType = sourcecode.swift; path = AppDelegate.swift; sourceTree = "<group>"; };
		BA8455942829A18D00584DF2 /* SceneDelegate.swift */ = {isa = PBXFileReference; lastKnownFileType = sourcecode.swift; path = SceneDelegate.swift; sourceTree = "<group>"; };
		BA84559B2829A18E00584DF2 /* Assets.xcassets */ = {isa = PBXFileReference; lastKnownFileType = folder.assetcatalog; path = Assets.xcassets; sourceTree = "<group>"; };
		BA84559E2829A18E00584DF2 /* Base */ = {isa = PBXFileReference; lastKnownFileType = file.storyboard; name = Base; path = Base.lproj/LaunchScreen.storyboard; sourceTree = "<group>"; };
		BA8455A02829A18E00584DF2 /* Info.plist */ = {isa = PBXFileReference; lastKnownFileType = text.plist.xml; path = Info.plist; sourceTree = "<group>"; };
		BA8455A62829A27B00584DF2 /* LocationsViewController.swift */ = {isa = PBXFileReference; lastKnownFileType = sourcecode.swift; path = LocationsViewController.swift; sourceTree = "<group>"; };
		BA8455A82829A46C00584DF2 /* LocationCell.swift */ = {isa = PBXFileReference; lastKnownFileType = sourcecode.swift; path = LocationCell.swift; sourceTree = "<group>"; };
		BA8455AD2829B23900584DF2 /* UIColor+Extension.swift */ = {isa = PBXFileReference; lastKnownFileType = sourcecode.swift; path = "UIColor+Extension.swift"; sourceTree = "<group>"; };
		BAA80937282B2656005433A3 /* schema.json */ = {isa = PBXFileReference; fileEncoding = 4; lastKnownFileType = text.json; path = schema.json; sourceTree = "<group>"; };
		BAA80939282B27AF005433A3 /* Queries.graphql */ = {isa = PBXFileReference; fileEncoding = 4; lastKnownFileType = text; path = Queries.graphql; sourceTree = "<group>"; };
		BAA90DBE2829E1C00056E1DA /* Inter-ExtraBold.ttf */ = {isa = PBXFileReference; lastKnownFileType = file; path = "Inter-ExtraBold.ttf"; sourceTree = "<group>"; };
		BAA90DBF2829E1C00056E1DA /* Inter-Medium.ttf */ = {isa = PBXFileReference; lastKnownFileType = file; path = "Inter-Medium.ttf"; sourceTree = "<group>"; };
		BAA90DC02829E1C00056E1DA /* Inter-Black.ttf */ = {isa = PBXFileReference; lastKnownFileType = file; path = "Inter-Black.ttf"; sourceTree = "<group>"; };
		BAA90DC12829E1C00056E1DA /* Inter-Bold.ttf */ = {isa = PBXFileReference; lastKnownFileType = file; path = "Inter-Bold.ttf"; sourceTree = "<group>"; };
		BAA90DC22829E1C00056E1DA /* Inter-ExtraLight.ttf */ = {isa = PBXFileReference; lastKnownFileType = file; path = "Inter-ExtraLight.ttf"; sourceTree = "<group>"; };
		BAA90DC32829E1C00056E1DA /* Inter-Regular.ttf */ = {isa = PBXFileReference; lastKnownFileType = file; path = "Inter-Regular.ttf"; sourceTree = "<group>"; };
		BAA90DC42829E1C00056E1DA /* Inter-Thin.ttf */ = {isa = PBXFileReference; lastKnownFileType = file; path = "Inter-Thin.ttf"; sourceTree = "<group>"; };
		BAA90DC52829E1C00056E1DA /* Inter-SemiBold.ttf */ = {isa = PBXFileReference; lastKnownFileType = file; path = "Inter-SemiBold.ttf"; sourceTree = "<group>"; };
		BAA90DC62829E1C00056E1DA /* Inter-Light.ttf */ = {isa = PBXFileReference; lastKnownFileType = file; path = "Inter-Light.ttf"; sourceTree = "<group>"; };
		BAFB078D282BF4AE00EFD10C /* API.swift */ = {isa = PBXFileReference; fileEncoding = 4; lastKnownFileType = sourcecode.swift; path = API.swift; sourceTree = "<group>"; };
		BAFB078F282BF57500EFD10C /* Network.swift */ = {isa = PBXFileReference; lastKnownFileType = sourcecode.swift; path = Network.swift; sourceTree = "<group>"; };
		BAFB0791282BF67000EFD10C /* LocationsModel.swift */ = {isa = PBXFileReference; lastKnownFileType = sourcecode.swift; path = LocationsModel.swift; sourceTree = "<group>"; };
/* End PBXFileReference section */

/* Begin PBXFrameworksBuildPhase section */
		BA84558C2829A18D00584DF2 /* Frameworks */ = {
			isa = PBXFrameworksBuildPhase;
			buildActionMask = 2147483647;
			files = (
				BA0A65CA282C6FC70058FBAF /* Kingfisher in Frameworks */,
				BA8455AC2829A5B400584DF2 /* SnapKit in Frameworks */,
				BAA90DD42829E66F0056E1DA /* Apollo in Frameworks */,
			);
			runOnlyForDeploymentPostprocessing = 0;
		};
/* End PBXFrameworksBuildPhase section */

/* Begin PBXGroup section */
		BA0A65CD282C74720058FBAF /* Components */ = {
			isa = PBXGroup;
			children = (
				BA0A65CB282C72E70058FBAF /* CustomImageView.swift */,
			);
			path = Components;
			sourceTree = "<group>";
		};
		BA297E3C282AE85300228981 /* Model */ = {
			isa = PBXGroup;
			children = (
				BAFB0791282BF67000EFD10C /* LocationsModel.swift */,
				BA0A65C4282C63600058FBAF /* LocationDetailsModel.swift */,
			);
			path = Model;
			sourceTree = "<group>";
		};
		BA297E3D282AE90D00228981 /* UI */ = {
			isa = PBXGroup;
			children = (
				BA297E3E282AE91F00228981 /* Locations */,
				BA297E40282AE96100228981 /* Detail */,
				BA297E46282B093200228981 /* PresentationController.swift */,
			);
			path = UI;
			sourceTree = "<group>";
		};
		BA297E3E282AE91F00228981 /* Locations */ = {
			isa = PBXGroup;
			children = (
				BA297E3F282AE92B00228981 /* Cell */,
				BA8455A62829A27B00584DF2 /* LocationsViewController.swift */,
				BA0A65C2282C57B90058FBAF /* LocationsViewModel.swift */,
			);
			path = Locations;
			sourceTree = "<group>";
		};
		BA297E3F282AE92B00228981 /* Cell */ = {
			isa = PBXGroup;
			children = (
				BA8455A82829A46C00584DF2 /* LocationCell.swift */,
			);
			path = Cell;
			sourceTree = "<group>";
		};
		BA297E40282AE96100228981 /* Detail */ = {
			isa = PBXGroup;
			children = (
				BA297E43282AEEF600228981 /* Cell */,
				BA297E41282AE97200228981 /* DetailViewController.swift */,
				BA0A65C6282C69790058FBAF /* DetailsViewModel.swift */,
			);
			path = Detail;
			sourceTree = "<group>";
		};
		BA297E43282AEEF600228981 /* Cell */ = {
			isa = PBXGroup;
			children = (
				BA297E44282AEF0000228981 /* CharacterCell.swift */,
			);
			path = Cell;
			sourceTree = "<group>";
		};
		BA8455862829A18D00584DF2 = {
			isa = PBXGroup;
			children = (
				BA8455912829A18D00584DF2 /* RickAndMortyLocations */,
				BA8455902829A18D00584DF2 /* Products */,
			);
			sourceTree = "<group>";
		};
		BA8455902829A18D00584DF2 /* Products */ = {
			isa = PBXGroup;
			children = (
				BA84558F2829A18D00584DF2 /* RickAndMortyLocations.app */,
			);
			name = Products;
			sourceTree = "<group>";
		};
		BA8455912829A18D00584DF2 /* RickAndMortyLocations */ = {
			isa = PBXGroup;
			children = (
				BAA80936282B264C005433A3 /* Network */,
				BAA90DD12829E2350056E1DA /* App */,
				BAA90DD02829E2290056E1DA /* Extensions */,
				BA0A65CD282C74720058FBAF /* Components */,
				BA8455AF2829B3E600584DF2 /* Fonts */,
				BA297E3C282AE85300228981 /* Model */,
				BA297E3D282AE90D00228981 /* UI */,
				BA84559B2829A18E00584DF2 /* Assets.xcassets */,
				BA84559D2829A18E00584DF2 /* LaunchScreen.storyboard */,
				BAFB078D282BF4AE00EFD10C /* API.swift */,
				BAA80939282B27AF005433A3 /* Queries.graphql */,
				BAA80937282B2656005433A3 /* schema.json */,
			);
			path = RickAndMortyLocations;
			sourceTree = "<group>";
		};
		BA8455AF2829B3E600584DF2 /* Fonts */ = {
			isa = PBXGroup;
			children = (
				BAA90DC02829E1C00056E1DA /* Inter-Black.ttf */,
				BAA90DC12829E1C00056E1DA /* Inter-Bold.ttf */,
				BAA90DBE2829E1C00056E1DA /* Inter-ExtraBold.ttf */,
				BAA90DC22829E1C00056E1DA /* Inter-ExtraLight.ttf */,
				BAA90DC62829E1C00056E1DA /* Inter-Light.ttf */,
				BAA90DBF2829E1C00056E1DA /* Inter-Medium.ttf */,
				BAA90DC32829E1C00056E1DA /* Inter-Regular.ttf */,
				BAA90DC52829E1C00056E1DA /* Inter-SemiBold.ttf */,
				BAA90DC42829E1C00056E1DA /* Inter-Thin.ttf */,
			);
			path = Fonts;
			sourceTree = "<group>";
		};
		BAA80936282B264C005433A3 /* Network */ = {
			isa = PBXGroup;
			children = (
				BAFB078F282BF57500EFD10C /* Network.swift */,
			);
			path = Network;
			sourceTree = "<group>";
		};
		BAA90DD02829E2290056E1DA /* Extensions */ = {
			isa = PBXGroup;
			children = (
				BA8455AD2829B23900584DF2 /* UIColor+Extension.swift */,
			);
			path = Extensions;
			sourceTree = "<group>";
		};
		BAA90DD12829E2350056E1DA /* App */ = {
			isa = PBXGroup;
			children = (
				BA8455A02829A18E00584DF2 /* Info.plist */,
				BA8455922829A18D00584DF2 /* AppDelegate.swift */,
				BA8455942829A18D00584DF2 /* SceneDelegate.swift */,
			);
			path = App;
			sourceTree = "<group>";
		};
/* End PBXGroup section */

/* Begin PBXNativeTarget section */
		BA84558E2829A18D00584DF2 /* RickAndMortyLocations */ = {
			isa = PBXNativeTarget;
			buildConfigurationList = BA8455A32829A18E00584DF2 /* Build configuration list for PBXNativeTarget "RickAndMortyLocations" */;
			buildPhases = (
				BA84558B2829A18D00584DF2 /* Sources */,
				BA84558C2829A18D00584DF2 /* Frameworks */,
				BA84558D2829A18D00584DF2 /* Resources */,
				BA297E48282B22CE00228981 /* Apollo */,
			);
			buildRules = (
			);
			dependencies = (
			);
			name = RickAndMortyLocations;
			packageProductDependencies = (
				BA8455AB2829A5B400584DF2 /* SnapKit */,
				BAA90DD32829E66F0056E1DA /* Apollo */,
				BA0A65C9282C6FC70058FBAF /* Kingfisher */,
			);
			productName = RickAndMortyLocations;
			productReference = BA84558F2829A18D00584DF2 /* RickAndMortyLocations.app */;
			productType = "com.apple.product-type.application";
		};
/* End PBXNativeTarget section */

/* Begin PBXProject section */
		BA8455872829A18D00584DF2 /* Project object */ = {
			isa = PBXProject;
			attributes = {
				BuildIndependentTargetsInParallel = 1;
				LastSwiftUpdateCheck = 1330;
				LastUpgradeCheck = 1330;
				TargetAttributes = {
					BA84558E2829A18D00584DF2 = {
						CreatedOnToolsVersion = 13.3.1;
					};
				};
			};
			buildConfigurationList = BA84558A2829A18D00584DF2 /* Build configuration list for PBXProject "RickAndMortyLocations" */;
			compatibilityVersion = "Xcode 13.0";
			developmentRegion = en;
			hasScannedForEncodings = 0;
			knownRegions = (
				en,
				Base,
			);
			mainGroup = BA8455862829A18D00584DF2;
			packageReferences = (
				BA8455AA2829A5B400584DF2 /* XCRemoteSwiftPackageReference "SnapKit" */,
				BAA90DD22829E66F0056E1DA /* XCRemoteSwiftPackageReference "apollo-ios" */,
				BA0A65C8282C6FC70058FBAF /* XCRemoteSwiftPackageReference "Kingfisher" */,
			);
			productRefGroup = BA8455902829A18D00584DF2 /* Products */;
			projectDirPath = "";
			projectRoot = "";
			targets = (
				BA84558E2829A18D00584DF2 /* RickAndMortyLocations */,
			);
		};
/* End PBXProject section */

/* Begin PBXResourcesBuildPhase section */
		BA84558D2829A18D00584DF2 /* Resources */ = {
			isa = PBXResourcesBuildPhase;
			buildActionMask = 2147483647;
			files = (
				BAA90DC72829E2050056E1DA /* Inter-Black.ttf in Resources */,
				BAA90DC82829E2050056E1DA /* Inter-Bold.ttf in Resources */,
				BAA90DC92829E2050056E1DA /* Inter-ExtraBold.ttf in Resources */,
				BAA90DCA2829E2050056E1DA /* Inter-ExtraLight.ttf in Resources */,
				BAA80938282B2656005433A3 /* schema.json in Resources */,
				BAA90DCB2829E2050056E1DA /* Inter-Light.ttf in Resources */,
				BAA90DCC2829E2050056E1DA /* Inter-Medium.ttf in Resources */,
				BAA90DCD2829E2050056E1DA /* Inter-Regular.ttf in Resources */,
				BAA90DCE2829E2050056E1DA /* Inter-SemiBold.ttf in Resources */,
				BAA8093A282B27AF005433A3 /* Queries.graphql in Resources */,
				BAA90DCF2829E2050056E1DA /* Inter-Thin.ttf in Resources */,
				BA84559F2829A18E00584DF2 /* LaunchScreen.storyboard in Resources */,
				BA84559C2829A18E00584DF2 /* Assets.xcassets in Resources */,
			);
			runOnlyForDeploymentPostprocessing = 0;
		};
/* End PBXResourcesBuildPhase section */

/* Begin PBXShellScriptBuildPhase section */
		BA297E48282B22CE00228981 /* Apollo */ = {
			isa = PBXShellScriptBuildPhase;
			buildActionMask = 2147483647;
			files = (
			);
			inputFileListPaths = (
			);
			inputPaths = (
			);
			name = Apollo;
			outputFileListPaths = (
			);
			outputPaths = (
			);
			runOnlyForDeploymentPostprocessing = 0;
			shellPath = /bin/sh;
			shellScript = "# Don't run this during index builds\nif [ $ACTION = \"indexbuild\" ]; then exit 0; fi\n\n# Go to the build root and search up the chain to find the Derived Data Path where the source packages are checked out.\nDERIVED_DATA_CANDIDATE=\"${BUILD_ROOT}\"\n\nwhile ! [ -d \"${DERIVED_DATA_CANDIDATE}/SourcePackages\" ]; do\n  if [ \"${DERIVED_DATA_CANDIDATE}\" = / ]; then\n    echo >&2 \"error: Unable to locate SourcePackages directory from BUILD_ROOT: '${BUILD_ROOT}'\"\n    exit 1\n  fi\n\n  DERIVED_DATA_CANDIDATE=\"$(dirname \"${DERIVED_DATA_CANDIDATE}\")\"\ndone\n\n# Grab a reference to the directory where scripts are checked out\nSCRIPT_PATH=\"${DERIVED_DATA_CANDIDATE}/SourcePackages/checkouts/apollo-ios/scripts\"\n\nif [ -z \"${SCRIPT_PATH}\" ]; then\n    echo >&2 \"error: Couldn't find the CLI script in your checked out SPM packages; make sure to add the framework to your project.\"\n    exit 1\nfi\n\ncd \"${SRCROOT}/${TARGET_NAME}\"\n\"${SCRIPT_PATH}\"/run-bundled-codegen.sh codegen:generate --target=swift --includes=./**/*.graphql --localSchemaFile=\"schema.json\" API.swift\n";
		};
/* End PBXShellScriptBuildPhase section */

/* Begin PBXSourcesBuildPhase section */
		BA84558B2829A18D00584DF2 /* Sources */ = {
			isa = PBXSourcesBuildPhase;
			buildActionMask = 2147483647;
			files = (
				BAFB0790282BF57500EFD10C /* Network.swift in Sources */,
				BAFB0792282BF67000EFD10C /* LocationsModel.swift in Sources */,
				BA8455932829A18D00584DF2 /* AppDelegate.swift in Sources */,
				BA8455952829A18D00584DF2 /* SceneDelegate.swift in Sources */,
				BA8455A92829A46C00584DF2 /* LocationCell.swift in Sources */,
				BA297E45282AEF0000228981 /* CharacterCell.swift in Sources */,
				BA297E42282AE97200228981 /* DetailViewController.swift in Sources */,
				BA0A65C3282C57B90058FBAF /* LocationsViewModel.swift in Sources */,
				BA0A65C5282C63600058FBAF /* LocationDetailsModel.swift in Sources */,
				BA8455A72829A27B00584DF2 /* LocationsViewController.swift in Sources */,
				BA0A65CC282C72E80058FBAF /* CustomImageView.swift in Sources */,
				BA8455AE2829B23900584DF2 /* UIColor+Extension.swift in Sources */,
				BA0A65C7282C69790058FBAF /* DetailsViewModel.swift in Sources */,
				BAFB078E282BF4AE00EFD10C /* API.swift in Sources */,
				BA297E47282B093200228981 /* PresentationController.swift in Sources */,
			);
			runOnlyForDeploymentPostprocessing = 0;
		};
/* End PBXSourcesBuildPhase section */

/* Begin PBXVariantGroup section */
		BA84559D2829A18E00584DF2 /* LaunchScreen.storyboard */ = {
			isa = PBXVariantGroup;
			children = (
				BA84559E2829A18E00584DF2 /* Base */,
			);
			name = LaunchScreen.storyboard;
			sourceTree = "<group>";
		};
/* End PBXVariantGroup section */

/* Begin XCBuildConfiguration section */
		BA8455A12829A18E00584DF2 /* Debug */ = {
			isa = XCBuildConfiguration;
			buildSettings = {
				ALWAYS_SEARCH_USER_PATHS = NO;
				CLANG_ANALYZER_NONNULL = YES;
				CLANG_ANALYZER_NUMBER_OBJECT_CONVERSION = YES_AGGRESSIVE;
				CLANG_CXX_LANGUAGE_STANDARD = "gnu++17";
				CLANG_ENABLE_MODULES = YES;
				CLANG_ENABLE_OBJC_ARC = YES;
				CLANG_ENABLE_OBJC_WEAK = YES;
				CLANG_WARN_BLOCK_CAPTURE_AUTORELEASING = YES;
				CLANG_WARN_BOOL_CONVERSION = YES;
				CLANG_WARN_COMMA = YES;
				CLANG_WARN_CONSTANT_CONVERSION = YES;
				CLANG_WARN_DEPRECATED_OBJC_IMPLEMENTATIONS = YES;
				CLANG_WARN_DIRECT_OBJC_ISA_USAGE = YES_ERROR;
				CLANG_WARN_DOCUMENTATION_COMMENTS = YES;
				CLANG_WARN_EMPTY_BODY = YES;
				CLANG_WARN_ENUM_CONVERSION = YES;
				CLANG_WARN_INFINITE_RECURSION = YES;
				CLANG_WARN_INT_CONVERSION = YES;
				CLANG_WARN_NON_LITERAL_NULL_CONVERSION = YES;
				CLANG_WARN_OBJC_IMPLICIT_RETAIN_SELF = YES;
				CLANG_WARN_OBJC_LITERAL_CONVERSION = YES;
				CLANG_WARN_OBJC_ROOT_CLASS = YES_ERROR;
				CLANG_WARN_QUOTED_INCLUDE_IN_FRAMEWORK_HEADER = YES;
				CLANG_WARN_RANGE_LOOP_ANALYSIS = YES;
				CLANG_WARN_STRICT_PROTOTYPES = YES;
				CLANG_WARN_SUSPICIOUS_MOVE = YES;
				CLANG_WARN_UNGUARDED_AVAILABILITY = YES_AGGRESSIVE;
				CLANG_WARN_UNREACHABLE_CODE = YES;
				CLANG_WARN__DUPLICATE_METHOD_MATCH = YES;
				COPY_PHASE_STRIP = NO;
				DEBUG_INFORMATION_FORMAT = dwarf;
				ENABLE_STRICT_OBJC_MSGSEND = YES;
				ENABLE_TESTABILITY = YES;
				GCC_C_LANGUAGE_STANDARD = gnu11;
				GCC_DYNAMIC_NO_PIC = NO;
				GCC_NO_COMMON_BLOCKS = YES;
				GCC_OPTIMIZATION_LEVEL = 0;
				GCC_PREPROCESSOR_DEFINITIONS = (
					"DEBUG=1",
					"$(inherited)",
				);
				GCC_WARN_64_TO_32_BIT_CONVERSION = YES;
				GCC_WARN_ABOUT_RETURN_TYPE = YES_ERROR;
				GCC_WARN_UNDECLARED_SELECTOR = YES;
				GCC_WARN_UNINITIALIZED_AUTOS = YES_AGGRESSIVE;
				GCC_WARN_UNUSED_FUNCTION = YES;
				GCC_WARN_UNUSED_VARIABLE = YES;
				IPHONEOS_DEPLOYMENT_TARGET = 15.4;
				MTL_ENABLE_DEBUG_INFO = INCLUDE_SOURCE;
				MTL_FAST_MATH = YES;
				ONLY_ACTIVE_ARCH = YES;
				SDKROOT = iphoneos;
				SWIFT_ACTIVE_COMPILATION_CONDITIONS = DEBUG;
				SWIFT_OPTIMIZATION_LEVEL = "-Onone";
			};
			name = Debug;
		};
		BA8455A22829A18E00584DF2 /* Release */ = {
			isa = XCBuildConfiguration;
			buildSettings = {
				ALWAYS_SEARCH_USER_PATHS = NO;
				CLANG_ANALYZER_NONNULL = YES;
				CLANG_ANALYZER_NUMBER_OBJECT_CONVERSION = YES_AGGRESSIVE;
				CLANG_CXX_LANGUAGE_STANDARD = "gnu++17";
				CLANG_ENABLE_MODULES = YES;
				CLANG_ENABLE_OBJC_ARC = YES;
				CLANG_ENABLE_OBJC_WEAK = YES;
				CLANG_WARN_BLOCK_CAPTURE_AUTORELEASING = YES;
				CLANG_WARN_BOOL_CONVERSION = YES;
				CLANG_WARN_COMMA = YES;
				CLANG_WARN_CONSTANT_CONVERSION = YES;
				CLANG_WARN_DEPRECATED_OBJC_IMPLEMENTATIONS = YES;
				CLANG_WARN_DIRECT_OBJC_ISA_USAGE = YES_ERROR;
				CLANG_WARN_DOCUMENTATION_COMMENTS = YES;
				CLANG_WARN_EMPTY_BODY = YES;
				CLANG_WARN_ENUM_CONVERSION = YES;
				CLANG_WARN_INFINITE_RECURSION = YES;
				CLANG_WARN_INT_CONVERSION = YES;
				CLANG_WARN_NON_LITERAL_NULL_CONVERSION = YES;
				CLANG_WARN_OBJC_IMPLICIT_RETAIN_SELF = YES;
				CLANG_WARN_OBJC_LITERAL_CONVERSION = YES;
				CLANG_WARN_OBJC_ROOT_CLASS = YES_ERROR;
				CLANG_WARN_QUOTED_INCLUDE_IN_FRAMEWORK_HEADER = YES;
				CLANG_WARN_RANGE_LOOP_ANALYSIS = YES;
				CLANG_WARN_STRICT_PROTOTYPES = YES;
				CLANG_WARN_SUSPICIOUS_MOVE = YES;
				CLANG_WARN_UNGUARDED_AVAILABILITY = YES_AGGRESSIVE;
				CLANG_WARN_UNREACHABLE_CODE = YES;
				CLANG_WARN__DUPLICATE_METHOD_MATCH = YES;
				COPY_PHASE_STRIP = NO;
				DEBUG_INFORMATION_FORMAT = "dwarf-with-dsym";
				ENABLE_NS_ASSERTIONS = NO;
				ENABLE_STRICT_OBJC_MSGSEND = YES;
				GCC_C_LANGUAGE_STANDARD = gnu11;
				GCC_NO_COMMON_BLOCKS = YES;
				GCC_WARN_64_TO_32_BIT_CONVERSION = YES;
				GCC_WARN_ABOUT_RETURN_TYPE = YES_ERROR;
				GCC_WARN_UNDECLARED_SELECTOR = YES;
				GCC_WARN_UNINITIALIZED_AUTOS = YES_AGGRESSIVE;
				GCC_WARN_UNUSED_FUNCTION = YES;
				GCC_WARN_UNUSED_VARIABLE = YES;
				IPHONEOS_DEPLOYMENT_TARGET = 15.4;
				MTL_ENABLE_DEBUG_INFO = NO;
				MTL_FAST_MATH = YES;
				SDKROOT = iphoneos;
				SWIFT_COMPILATION_MODE = wholemodule;
				SWIFT_OPTIMIZATION_LEVEL = "-O";
				VALIDATE_PRODUCT = YES;
			};
			name = Release;
		};
		BA8455A42829A18E00584DF2 /* Debug */ = {
			isa = XCBuildConfiguration;
			buildSettings = {
				ASSETCATALOG_COMPILER_APPICON_NAME = AppIcon;
				ASSETCATALOG_COMPILER_GLOBAL_ACCENT_COLOR_NAME = AccentColor;
				CODE_SIGN_STYLE = Automatic;
				CURRENT_PROJECT_VERSION = 1;
				DEVELOPMENT_TEAM = 3A8H2GTC36;
				GENERATE_INFOPLIST_FILE = YES;
				INFOPLIST_FILE = RickAndMortyLocations/App/Info.plist;
				INFOPLIST_KEY_UIApplicationSupportsIndirectInputEvents = YES;
				INFOPLIST_KEY_UILaunchStoryboardName = LaunchScreen;
				INFOPLIST_KEY_UISupportedInterfaceOrientations_iPad = "UIInterfaceOrientationPortrait UIInterfaceOrientationPortraitUpsideDown UIInterfaceOrientationLandscapeLeft UIInterfaceOrientationLandscapeRight";
				INFOPLIST_KEY_UISupportedInterfaceOrientations_iPhone = "UIInterfaceOrientationPortrait UIInterfaceOrientationLandscapeLeft UIInterfaceOrientationLandscapeRight";
				IPHONEOS_DEPLOYMENT_TARGET = 15.1;
				LD_RUNPATH_SEARCH_PATHS = (
					"$(inherited)",
					"@executable_path/Frameworks",
				);
				MARKETING_VERSION = 1.0;
				PRODUCT_BUNDLE_IDENTIFIER = com.kadanur.RickAndMortyLocations;
				PRODUCT_NAME = "$(TARGET_NAME)";
				SWIFT_EMIT_LOC_STRINGS = YES;
				SWIFT_VERSION = 5.0;
				TARGETED_DEVICE_FAMILY = "1,2";
			};
			name = Debug;
		};
		BA8455A52829A18E00584DF2 /* Release */ = {
			isa = XCBuildConfiguration;
			buildSettings = {
				ASSETCATALOG_COMPILER_APPICON_NAME = AppIcon;
				ASSETCATALOG_COMPILER_GLOBAL_ACCENT_COLOR_NAME = AccentColor;
				CODE_SIGN_STYLE = Automatic;
				CURRENT_PROJECT_VERSION = 1;
				DEVELOPMENT_TEAM = 3A8H2GTC36;
				GENERATE_INFOPLIST_FILE = YES;
				INFOPLIST_FILE = RickAndMortyLocations/App/Info.plist;
				INFOPLIST_KEY_UIApplicationSupportsIndirectInputEvents = YES;
				INFOPLIST_KEY_UILaunchStoryboardName = LaunchScreen;
				INFOPLIST_KEY_UISupportedInterfaceOrientations_iPad = "UIInterfaceOrientationPortrait UIInterfaceOrientationPortraitUpsideDown UIInterfaceOrientationLandscapeLeft UIInterfaceOrientationLandscapeRight";
				INFOPLIST_KEY_UISupportedInterfaceOrientations_iPhone = "UIInterfaceOrientationPortrait UIInterfaceOrientationLandscapeLeft UIInterfaceOrientationLandscapeRight";
				IPHONEOS_DEPLOYMENT_TARGET = 15.1;
				LD_RUNPATH_SEARCH_PATHS = (
					"$(inherited)",
					"@executable_path/Frameworks",
				);
				MARKETING_VERSION = 1.0;
				PRODUCT_BUNDLE_IDENTIFIER = com.kadanur.RickAndMortyLocations;
				PRODUCT_NAME = "$(TARGET_NAME)";
				SWIFT_EMIT_LOC_STRINGS = YES;
				SWIFT_VERSION = 5.0;
				TARGETED_DEVICE_FAMILY = "1,2";
			};
			name = Release;
		};
/* End XCBuildConfiguration section */

/* Begin XCConfigurationList section */
		BA84558A2829A18D00584DF2 /* Build configuration list for PBXProject "RickAndMortyLocations" */ = {
			isa = XCConfigurationList;
			buildConfigurations = (
				BA8455A12829A18E00584DF2 /* Debug */,
				BA8455A22829A18E00584DF2 /* Release */,
			);
			defaultConfigurationIsVisible = 0;
			defaultConfigurationName = Release;
		};
		BA8455A32829A18E00584DF2 /* Build configuration list for PBXNativeTarget "RickAndMortyLocations" */ = {
			isa = XCConfigurationList;
			buildConfigurations = (
				BA8455A42829A18E00584DF2 /* Debug */,
				BA8455A52829A18E00584DF2 /* Release */,
			);
			defaultConfigurationIsVisible = 0;
			defaultConfigurationName = Release;
		};
/* End XCConfigurationList section */

/* Begin XCRemoteSwiftPackageReference section */
		BA0A65C8282C6FC70058FBAF /* XCRemoteSwiftPackageReference "Kingfisher" */ = {
			isa = XCRemoteSwiftPackageReference;
			repositoryURL = "https://github.com/onevcat/Kingfisher.git";
			requirement = {
				branch = master;
				kind = branch;
			};
		};
		BA8455AA2829A5B400584DF2 /* XCRemoteSwiftPackageReference "SnapKit" */ = {
			isa = XCRemoteSwiftPackageReference;
			repositoryURL = "https://github.com/SnapKit/SnapKit.git";
			requirement = {
				branch = develop;
				kind = branch;
			};
		};
		BAA90DD22829E66F0056E1DA /* XCRemoteSwiftPackageReference "apollo-ios" */ = {
			isa = XCRemoteSwiftPackageReference;
			repositoryURL = "https://github.com/apollographql/apollo-ios.git";
			requirement = {
				kind = upToNextMajorVersion;
				minimumVersion = 0.9.5;
			};
		};
/* End XCRemoteSwiftPackageReference section */

/* Begin XCSwiftPackageProductDependency section */
		BA0A65C9282C6FC70058FBAF /* Kingfisher */ = {
			isa = XCSwiftPackageProductDependency;
			package = BA0A65C8282C6FC70058FBAF /* XCRemoteSwiftPackageReference "Kingfisher" */;
			productName = Kingfisher;
		};
		BA8455AB2829A5B400584DF2 /* SnapKit */ = {
			isa = XCSwiftPackageProductDependency;
			package = BA8455AA2829A5B400584DF2 /* XCRemoteSwiftPackageReference "SnapKit" */;
			productName = SnapKit;
		};
		BAA90DD32829E66F0056E1DA /* Apollo */ = {
			isa = XCSwiftPackageProductDependency;
			package = BAA90DD22829E66F0056E1DA /* XCRemoteSwiftPackageReference "apollo-ios" */;
			productName = Apollo;
		};
/* End XCSwiftPackageProductDependency section */
	};
	rootObject = BA8455872829A18D00584DF2 /* Project object */;
}
